
Microsoft Visual Studio Solution File, Format Version 12.00
# Visual Studio Version 17
VisualStudioVersion = 17.8.34525.116
MinimumVisualStudioVersion = 10.0.40219.1
Project("{FAE04EC0-301F-11D3-BF4B-00C04F79EFBC}") = "ApiTest", "ApiTest\ApiTest.csproj", "{8B4A5B1B-F6C0-4FA5-95EB-D3E6D985E99E}"
EndProject
Global
	GlobalSection(SolutionConfigurationPlatforms) = preSolution
		Debug|Any CPU = Debug|Any CPU
		Release|Any CPU = Release|Any CPU
	EndGlobalSection
	GlobalSection(ProjectConfigurationPlatforms) = postSolution
		{8B4A5B1B-F6C0-4FA5-95EB-D3E6D985E99E}.Debug|Any CPU.ActiveCfg = Debug|Any CPU
		{8B4A5B1B-F6C0-4FA5-95EB-D3E6D985E99E}.Debug|Any CPU.Build.0 = Debug|Any CPU
		{8B4A5B1B-F6C0-4FA5-95EB-D3E6D985E99E}.Release|Any CPU.ActiveCfg = Release|Any CPU
		{8B4A5B1B-F6C0-4FA5-95EB-D3E6D985E99E}.Release|Any CPU.Build.0 = Release|Any CPU
	EndGlobalSection
	GlobalSection(SolutionProperties) = preSolution
		HideSolutionNode = FALSE
	EndGlobalSection
	GlobalSection(ExtensibilityGlobals) = postSolution
		SolutionGuid = {880E8529-0E6C-4D64-A092-845A91175C5C}
	EndGlobalSection
EndGlobal
